
Microsoft Visual Studio Solution File, Format Version 12.00
# Visual Studio Version 16
VisualStudioVersion = 16.0.31605.320
MinimumVisualStudioVersion = 10.0.40219.1
Project("{9A19103F-16F7-4668-BE54-9A1E7A4F7556}") = "ConsoleAppTripleta", "ConsoleApp1\ConsoleAppTripleta.csproj", "{8B333421-628C-4C64-8590-95C96130EE18}"
EndProject
Project("{9A19103F-16F7-4668-BE54-9A1E7A4F7556}") = "SolutionTriplets", "SolucionATripleta\SolutionTriplets.csproj", "{9FF3D5F7-0576-4738-BBDF-A923CE75D94E}"
EndProject
Project("{9A19103F-16F7-4668-BE54-9A1E7A4F7556}") = "TripletTest", "TripletaTest\TripletTest.csproj", "{ECDDAA38-1AC4-4876-9E73-555E54F56A11}"
EndProject
Global
	GlobalSection(SolutionConfigurationPlatforms) = preSolution
		Debug|Any CPU = Debug|Any CPU
		Release|Any CPU = Release|Any CPU
	EndGlobalSection
	GlobalSection(ProjectConfigurationPlatforms) = postSolution
		{8B333421-628C-4C64-8590-95C96130EE18}.Debug|Any CPU.ActiveCfg = Debug|Any CPU
		{8B333421-628C-4C64-8590-95C96130EE18}.Debug|Any CPU.Build.0 = Debug|Any CPU
		{8B333421-628C-4C64-8590-95C96130EE18}.Release|Any CPU.ActiveCfg = Release|Any CPU
		{8B333421-628C-4C64-8590-95C96130EE18}.Release|Any CPU.Build.0 = Release|Any CPU
		{9FF3D5F7-0576-4738-BBDF-A923CE75D94E}.Debug|Any CPU.ActiveCfg = Debug|Any CPU
		{9FF3D5F7-0576-4738-BBDF-A923CE75D94E}.Debug|Any CPU.Build.0 = Debug|Any CPU
		{9FF3D5F7-0576-4738-BBDF-A923CE75D94E}.Release|Any CPU.ActiveCfg = Release|Any CPU
		{9FF3D5F7-0576-4738-BBDF-A923CE75D94E}.Release|Any CPU.Build.0 = Release|Any CPU
		{ECDDAA38-1AC4-4876-9E73-555E54F56A11}.Debug|Any CPU.ActiveCfg = Debug|Any CPU
		{ECDDAA38-1AC4-4876-9E73-555E54F56A11}.Debug|Any CPU.Build.0 = Debug|Any CPU
		{ECDDAA38-1AC4-4876-9E73-555E54F56A11}.Release|Any CPU.ActiveCfg = Release|Any CPU
		{ECDDAA38-1AC4-4876-9E73-555E54F56A11}.Release|Any CPU.Build.0 = Release|Any CPU
	EndGlobalSection
	GlobalSection(SolutionProperties) = preSolution
		HideSolutionNode = FALSE
	EndGlobalSection
	GlobalSection(ExtensibilityGlobals) = postSolution
		SolutionGuid = {AB782D2E-23E4-4CEB-8503-890802D9B5AE}
	EndGlobalSection
EndGlobal
